{
  "requires": true,
  "lockfileVersion": 1,
  "dependencies": {
    "highlight-within-textarea": {
      "version": "2.0.5",
      "resolved": "https://registry.npmjs.org/highlight-within-textarea/-/highlight-within-textarea-2.0.5.tgz",
      "integrity": "sha512-QRoVHbnYoPB/xQVX6kS6+NCfS4QDl6jp9JIRppUQOQtwUvBI9+QxDG06WZ/socOwds1zmgU0oO9dAvmBZOgS/g=="
    }
  }
}
